
Microsoft Visual Studio Solution File, Format Version 12.00
# Visual Studio 15
VisualStudioVersion = 15.0.28010.2036
MinimumVisualStudioVersion = 10.0.40219.1
Project("{9A19103F-16F7-4668-BE54-9A1E7A4F7556}") = "PlanetRepo", "PlanetRepo\PlanetRepo.csproj", "{978F341B-0090-4F82-B5E3-B58E137CFE9E}"
EndProject
Project("{FAE04EC0-301F-11D3-BF4B-00C04F79EFBC}") = "PlenetRepoTests", "PlenetRepoTests\PlenetRepoTests.csproj", "{4EAD023D-A5AA-4F57-85F5-C0A58B7D938C}"
EndProject
Global
	GlobalSection(SolutionConfigurationPlatforms) = preSolution
		Debug|Any CPU = Debug|Any CPU
		Release|Any CPU = Release|Any CPU
	EndGlobalSection
	GlobalSection(ProjectConfigurationPlatforms) = postSolution
		{978F341B-0090-4F82-B5E3-B58E137CFE9E}.Debug|Any CPU.ActiveCfg = Debug|Any CPU
		{978F341B-0090-4F82-B5E3-B58E137CFE9E}.Debug|Any CPU.Build.0 = Debug|Any CPU
		{978F341B-0090-4F82-B5E3-B58E137CFE9E}.Release|Any CPU.ActiveCfg = Release|Any CPU
		{978F341B-0090-4F82-B5E3-B58E137CFE9E}.Release|Any CPU.Build.0 = Release|Any CPU
		{4EAD023D-A5AA-4F57-85F5-C0A58B7D938C}.Debug|Any CPU.ActiveCfg = Debug|Any CPU
		{4EAD023D-A5AA-4F57-85F5-C0A58B7D938C}.Debug|Any CPU.Build.0 = Debug|Any CPU
		{4EAD023D-A5AA-4F57-85F5-C0A58B7D938C}.Release|Any CPU.ActiveCfg = Release|Any CPU
		{4EAD023D-A5AA-4F57-85F5-C0A58B7D938C}.Release|Any CPU.Build.0 = Release|Any CPU
	EndGlobalSection
	GlobalSection(SolutionProperties) = preSolution
		HideSolutionNode = FALSE
	EndGlobalSection
	GlobalSection(ExtensibilityGlobals) = postSolution
		SolutionGuid = {5F6EAAFD-51DF-4BB1-A4A6-B72EBF31B233}
	EndGlobalSection
EndGlobal
